
Microsoft Visual Studio Solution File, Format Version 12.00
# Visual Studio Version 16
VisualStudioVersion = 16.0.30011.22
MinimumVisualStudioVersion = 10.0.40219.1
Project("{9A19103F-16F7-4668-BE54-9A1E7A4F7556}") = "Train", "Train\Train.csproj", "{20EE270A-5B7F-46A4-8516-3EFAF0DFC374}"
EndProject
Project("{9A19103F-16F7-4668-BE54-9A1E7A4F7556}") = "CommonElements", "CommonElements\CommonElements.csproj", "{10FC339B-65EF-4417-9018-264516DED6C2}"
EndProject
Project("{9A19103F-16F7-4668-BE54-9A1E7A4F7556}") = "ZigZagArrays", "ZigZagArrays\ZigZagArrays.csproj", "{EF2EB356-3EBC-49C3-A296-F9540EF487C7}"
EndProject
Project("{9A19103F-16F7-4668-BE54-9A1E7A4F7556}") = "ArrayRotation", "ArrayRotation\ArrayRotation.csproj", "{B6F12C33-1B90-4971-9916-2AFBABDF3275}"
EndProject
Project("{9A19103F-16F7-4668-BE54-9A1E7A4F7556}") = "TopIntegers", "TopIntegers\TopIntegers.csproj", "{BB0F54FD-E088-49BF-97C1-DC176BD59E98}"
EndProject
Project("{9A19103F-16F7-4668-BE54-9A1E7A4F7556}") = "EqualSums", "EqualSums\EqualSums.csproj", "{B72DD1D6-665A-4FE1-A5B7-8963777E35A1}"
EndProject
Project("{9A19103F-16F7-4668-BE54-9A1E7A4F7556}") = "MaxSequence", "MaxSequence\MaxSequence.csproj", "{E6B3BF4E-A951-4191-AB81-A188DF82C32F}"
EndProject
Project("{9A19103F-16F7-4668-BE54-9A1E7A4F7556}") = "MagicSum", "MagicSum\MagicSum.csproj", "{CFA942D3-9755-4D2D-90C1-7A081248BDB3}"
EndProject
Project("{FAE04EC0-301F-11D3-BF4B-00C04F79EFBC}") = "KaminoFactory", "KaminoFactory\KaminoFactory.csproj", "{E5DC8F81-1CEA-4356-9DE3-4F562C7D947B}"
EndProject
Global
	GlobalSection(SolutionConfigurationPlatforms) = preSolution
		Debug|Any CPU = Debug|Any CPU
		Release|Any CPU = Release|Any CPU
	EndGlobalSection
	GlobalSection(ProjectConfigurationPlatforms) = postSolution
		{20EE270A-5B7F-46A4-8516-3EFAF0DFC374}.Debug|Any CPU.ActiveCfg = Debug|Any CPU
		{20EE270A-5B7F-46A4-8516-3EFAF0DFC374}.Debug|Any CPU.Build.0 = Debug|Any CPU
		{20EE270A-5B7F-46A4-8516-3EFAF0DFC374}.Release|Any CPU.ActiveCfg = Release|Any CPU
		{20EE270A-5B7F-46A4-8516-3EFAF0DFC374}.Release|Any CPU.Build.0 = Release|Any CPU
		{10FC339B-65EF-4417-9018-264516DED6C2}.Debug|Any CPU.ActiveCfg = Debug|Any CPU
		{10FC339B-65EF-4417-9018-264516DED6C2}.Debug|Any CPU.Build.0 = Debug|Any CPU
		{10FC339B-65EF-4417-9018-264516DED6C2}.Release|Any CPU.ActiveCfg = Release|Any CPU
		{10FC339B-65EF-4417-9018-264516DED6C2}.Release|Any CPU.Build.0 = Release|Any CPU
		{EF2EB356-3EBC-49C3-A296-F9540EF487C7}.Debug|Any CPU.ActiveCfg = Debug|Any CPU
		{EF2EB356-3EBC-49C3-A296-F9540EF487C7}.Debug|Any CPU.Build.0 = Debug|Any CPU
		{EF2EB356-3EBC-49C3-A296-F9540EF487C7}.Release|Any CPU.ActiveCfg = Release|Any CPU
		{EF2EB356-3EBC-49C3-A296-F9540EF487C7}.Release|Any CPU.Build.0 = Release|Any CPU
		{B6F12C33-1B90-4971-9916-2AFBABDF3275}.Debug|Any CPU.ActiveCfg = Debug|Any CPU
		{B6F12C33-1B90-4971-9916-2AFBABDF3275}.Debug|Any CPU.Build.0 = Debug|Any CPU
		{B6F12C33-1B90-4971-9916-2AFBABDF3275}.Release|Any CPU.ActiveCfg = Release|Any CPU
		{B6F12C33-1B90-4971-9916-2AFBABDF3275}.Release|Any CPU.Build.0 = Release|Any CPU
		{BB0F54FD-E088-49BF-97C1-DC176BD59E98}.Debug|Any CPU.ActiveCfg = Debug|Any CPU
		{BB0F54FD-E088-49BF-97C1-DC176BD59E98}.Debug|Any CPU.Build.0 = Debug|Any CPU
		{BB0F54FD-E088-49BF-97C1-DC176BD59E98}.Release|Any CPU.ActiveCfg = Release|Any CPU
		{BB0F54FD-E088-49BF-97C1-DC176BD59E98}.Release|Any CPU.Build.0 = Release|Any CPU
		{B72DD1D6-665A-4FE1-A5B7-8963777E35A1}.Debug|Any CPU.ActiveCfg = Debug|Any CPU
		{B72DD1D6-665A-4FE1-A5B7-8963777E35A1}.Debug|Any CPU.Build.0 = Debug|Any CPU
		{B72DD1D6-665A-4FE1-A5B7-8963777E35A1}.Release|Any CPU.ActiveCfg = Release|Any CPU
		{B72DD1D6-665A-4FE1-A5B7-8963777E35A1}.Release|Any CPU.Build.0 = Release|Any CPU
		{E6B3BF4E-A951-4191-AB81-A188DF82C32F}.Debug|Any CPU.ActiveCfg = Debug|Any CPU
		{E6B3BF4E-A951-4191-AB81-A188DF82C32F}.Debug|Any CPU.Build.0 = Debug|Any CPU
		{E6B3BF4E-A951-4191-AB81-A188DF82C32F}.Release|Any CPU.ActiveCfg = Release|Any CPU
		{E6B3BF4E-A951-4191-AB81-A188DF82C32F}.Release|Any CPU.Build.0 = Release|Any CPU
		{CFA942D3-9755-4D2D-90C1-7A081248BDB3}.Debug|Any CPU.ActiveCfg = Debug|Any CPU
		{CFA942D3-9755-4D2D-90C1-7A081248BDB3}.Debug|Any CPU.Build.0 = Debug|Any CPU
		{CFA942D3-9755-4D2D-90C1-7A081248BDB3}.Release|Any CPU.ActiveCfg = Release|Any CPU
		{CFA942D3-9755-4D2D-90C1-7A081248BDB3}.Release|Any CPU.Build.0 = Release|Any CPU
		{E5DC8F81-1CEA-4356-9DE3-4F562C7D947B}.Debug|Any CPU.ActiveCfg = Debug|Any CPU
		{E5DC8F81-1CEA-4356-9DE3-4F562C7D947B}.Debug|Any CPU.Build.0 = Debug|Any CPU
		{E5DC8F81-1CEA-4356-9DE3-4F562C7D947B}.Release|Any CPU.ActiveCfg = Release|Any CPU
		{E5DC8F81-1CEA-4356-9DE3-4F562C7D947B}.Release|Any CPU.Build.0 = Release|Any CPU
	EndGlobalSection
	GlobalSection(SolutionProperties) = preSolution
		HideSolutionNode = FALSE
	EndGlobalSection
	GlobalSection(ExtensibilityGlobals) = postSolution
		SolutionGuid = {F9AF7A98-54CB-4113-A478-186193614546}
	EndGlobalSection
EndGlobal
