
Microsoft Visual Studio Solution File, Format Version 12.00
# Visual Studio Version 16
VisualStudioVersion = 16.0.30011.22
MinimumVisualStudioVersion = 10.0.40219.1
Project("{9A19103F-16F7-4668-BE54-9A1E7A4F7556}") = "AdvertisementMessage", "AdvertisementMessage\AdvertisementMessage.csproj", "{2448E8E9-C2FD-4183-8E4A-8E10298C3CF3}"
EndProject
Project("{9A19103F-16F7-4668-BE54-9A1E7A4F7556}") = "Articles", "Articles\Articles.csproj", "{B92D0F39-221D-44DD-A871-4E814CED13A6}"
EndProject
Project("{9A19103F-16F7-4668-BE54-9A1E7A4F7556}") = "Articles2.0", "Articles2.0\Articles2.0.csproj", "{4352BD75-4349-4138-8A25-41FDB23FC868}"
EndProject
Project("{9A19103F-16F7-4668-BE54-9A1E7A4F7556}") = "Students", "Students\Students.csproj", "{E5011360-D185-46D8-91C2-BC1718532F47}"
EndProject
Project("{9A19103F-16F7-4668-BE54-9A1E7A4F7556}") = "TeamworkProjects", "TeamworkProjects\TeamworkProjects.csproj", "{2B339096-1B25-48E5-B233-182A70C439A0}"
EndProject
Project("{FAE04EC0-301F-11D3-BF4B-00C04F79EFBC}") = "VehicleCatalogue", "VehicleCatalogue\VehicleCatalogue.csproj", "{42F67F85-3B9A-4A8E-A0A2-DE43C6E44F44}"
EndProject
Project("{FAE04EC0-301F-11D3-BF4B-00C04F79EFBC}") = "OrderByAge", "OrderByAge\OrderByAge.csproj", "{833F357B-849C-46E3-88AE-B981768A1B9B}"
EndProject
Global
	GlobalSection(SolutionConfigurationPlatforms) = preSolution
		Debug|Any CPU = Debug|Any CPU
		Release|Any CPU = Release|Any CPU
	EndGlobalSection
	GlobalSection(ProjectConfigurationPlatforms) = postSolution
		{2448E8E9-C2FD-4183-8E4A-8E10298C3CF3}.Debug|Any CPU.ActiveCfg = Debug|Any CPU
		{2448E8E9-C2FD-4183-8E4A-8E10298C3CF3}.Debug|Any CPU.Build.0 = Debug|Any CPU
		{2448E8E9-C2FD-4183-8E4A-8E10298C3CF3}.Release|Any CPU.ActiveCfg = Release|Any CPU
		{2448E8E9-C2FD-4183-8E4A-8E10298C3CF3}.Release|Any CPU.Build.0 = Release|Any CPU
		{B92D0F39-221D-44DD-A871-4E814CED13A6}.Debug|Any CPU.ActiveCfg = Debug|Any CPU
		{B92D0F39-221D-44DD-A871-4E814CED13A6}.Debug|Any CPU.Build.0 = Debug|Any CPU
		{B92D0F39-221D-44DD-A871-4E814CED13A6}.Release|Any CPU.ActiveCfg = Release|Any CPU
		{B92D0F39-221D-44DD-A871-4E814CED13A6}.Release|Any CPU.Build.0 = Release|Any CPU
		{4352BD75-4349-4138-8A25-41FDB23FC868}.Debug|Any CPU.ActiveCfg = Debug|Any CPU
		{4352BD75-4349-4138-8A25-41FDB23FC868}.Debug|Any CPU.Build.0 = Debug|Any CPU
		{4352BD75-4349-4138-8A25-41FDB23FC868}.Release|Any CPU.ActiveCfg = Release|Any CPU
		{4352BD75-4349-4138-8A25-41FDB23FC868}.Release|Any CPU.Build.0 = Release|Any CPU
		{E5011360-D185-46D8-91C2-BC1718532F47}.Debug|Any CPU.ActiveCfg = Debug|Any CPU
		{E5011360-D185-46D8-91C2-BC1718532F47}.Debug|Any CPU.Build.0 = Debug|Any CPU
		{E5011360-D185-46D8-91C2-BC1718532F47}.Release|Any CPU.ActiveCfg = Release|Any CPU
		{E5011360-D185-46D8-91C2-BC1718532F47}.Release|Any CPU.Build.0 = Release|Any CPU
		{2B339096-1B25-48E5-B233-182A70C439A0}.Debug|Any CPU.ActiveCfg = Debug|Any CPU
		{2B339096-1B25-48E5-B233-182A70C439A0}.Debug|Any CPU.Build.0 = Debug|Any CPU
		{2B339096-1B25-48E5-B233-182A70C439A0}.Release|Any CPU.ActiveCfg = Release|Any CPU
		{2B339096-1B25-48E5-B233-182A70C439A0}.Release|Any CPU.Build.0 = Release|Any CPU
		{42F67F85-3B9A-4A8E-A0A2-DE43C6E44F44}.Debug|Any CPU.ActiveCfg = Debug|Any CPU
		{42F67F85-3B9A-4A8E-A0A2-DE43C6E44F44}.Debug|Any CPU.Build.0 = Debug|Any CPU
		{42F67F85-3B9A-4A8E-A0A2-DE43C6E44F44}.Release|Any CPU.ActiveCfg = Release|Any CPU
		{42F67F85-3B9A-4A8E-A0A2-DE43C6E44F44}.Release|Any CPU.Build.0 = Release|Any CPU
		{833F357B-849C-46E3-88AE-B981768A1B9B}.Debug|Any CPU.ActiveCfg = Debug|Any CPU
		{833F357B-849C-46E3-88AE-B981768A1B9B}.Debug|Any CPU.Build.0 = Debug|Any CPU
		{833F357B-849C-46E3-88AE-B981768A1B9B}.Release|Any CPU.ActiveCfg = Release|Any CPU
		{833F357B-849C-46E3-88AE-B981768A1B9B}.Release|Any CPU.Build.0 = Release|Any CPU
	EndGlobalSection
	GlobalSection(SolutionProperties) = preSolution
		HideSolutionNode = FALSE
	EndGlobalSection
	GlobalSection(ExtensibilityGlobals) = postSolution
		SolutionGuid = {55959F86-10D2-4CD2-BFEB-4EB5DF5FE819}
	EndGlobalSection
EndGlobal
