
Microsoft Visual Studio Solution File, Format Version 12.00
# Visual Studio Version 16
VisualStudioVersion = 16.0.30907.101
MinimumVisualStudioVersion = 10.0.40219.1
Project("{9A19103F-16F7-4668-BE54-9A1E7A4F7556}") = "InitialSetup", "InitialSetup\InitialSetup.csproj", "{F1F5E784-37BC-4BCD-B3C4-CD8598095755}"
EndProject
Project("{FAE04EC0-301F-11D3-BF4B-00C04F79EFBC}") = "VillainNames", "VillainNames\VillainNames.csproj", "{D67DBC10-2BF5-46A1-A346-B79DC8EA13B9}"
EndProject
Project("{FAE04EC0-301F-11D3-BF4B-00C04F79EFBC}") = "MinionNames", "MinionNames\MinionNames.csproj", "{66224550-D52E-4D57-B1EB-2B39E6C5B3D7}"
EndProject
Project("{FAE04EC0-301F-11D3-BF4B-00C04F79EFBC}") = "AddMinion", "AddMinion\AddMinion.csproj", "{DCCB4883-1C79-4144-8297-FED28649E3E1}"
EndProject
Global
	GlobalSection(SolutionConfigurationPlatforms) = preSolution
		Debug|Any CPU = Debug|Any CPU
		Release|Any CPU = Release|Any CPU
	EndGlobalSection
	GlobalSection(ProjectConfigurationPlatforms) = postSolution
		{F1F5E784-37BC-4BCD-B3C4-CD8598095755}.Debug|Any CPU.ActiveCfg = Debug|Any CPU
		{F1F5E784-37BC-4BCD-B3C4-CD8598095755}.Debug|Any CPU.Build.0 = Debug|Any CPU
		{F1F5E784-37BC-4BCD-B3C4-CD8598095755}.Release|Any CPU.ActiveCfg = Release|Any CPU
		{F1F5E784-37BC-4BCD-B3C4-CD8598095755}.Release|Any CPU.Build.0 = Release|Any CPU
		{D67DBC10-2BF5-46A1-A346-B79DC8EA13B9}.Debug|Any CPU.ActiveCfg = Debug|Any CPU
		{D67DBC10-2BF5-46A1-A346-B79DC8EA13B9}.Debug|Any CPU.Build.0 = Debug|Any CPU
		{D67DBC10-2BF5-46A1-A346-B79DC8EA13B9}.Release|Any CPU.ActiveCfg = Release|Any CPU
		{D67DBC10-2BF5-46A1-A346-B79DC8EA13B9}.Release|Any CPU.Build.0 = Release|Any CPU
		{66224550-D52E-4D57-B1EB-2B39E6C5B3D7}.Debug|Any CPU.ActiveCfg = Debug|Any CPU
		{66224550-D52E-4D57-B1EB-2B39E6C5B3D7}.Debug|Any CPU.Build.0 = Debug|Any CPU
		{66224550-D52E-4D57-B1EB-2B39E6C5B3D7}.Release|Any CPU.ActiveCfg = Release|Any CPU
		{66224550-D52E-4D57-B1EB-2B39E6C5B3D7}.Release|Any CPU.Build.0 = Release|Any CPU
		{DCCB4883-1C79-4144-8297-FED28649E3E1}.Debug|Any CPU.ActiveCfg = Debug|Any CPU
		{DCCB4883-1C79-4144-8297-FED28649E3E1}.Debug|Any CPU.Build.0 = Debug|Any CPU
		{DCCB4883-1C79-4144-8297-FED28649E3E1}.Release|Any CPU.ActiveCfg = Release|Any CPU
		{DCCB4883-1C79-4144-8297-FED28649E3E1}.Release|Any CPU.Build.0 = Release|Any CPU
	EndGlobalSection
	GlobalSection(SolutionProperties) = preSolution
		HideSolutionNode = FALSE
	EndGlobalSection
	GlobalSection(ExtensibilityGlobals) = postSolution
		SolutionGuid = {2C6B0D32-DDC9-4DC8-84C5-6B3FB1E39F5D}
	EndGlobalSection
EndGlobal
