
Microsoft Visual Studio Solution File, Format Version 12.00
# Visual Studio Version 16
VisualStudioVersion = 16.0.30011.22
MinimumVisualStudioVersion = 10.0.40219.1
Project("{9A19103F-16F7-4668-BE54-9A1E7A4F7556}") = "SmallestOfTreeNumbers", "SmallestOfTreeNumbers\SmallestOfTreeNumbers.csproj", "{C551637A-DD4A-46D7-90BF-BC9F7CC827CE}"
EndProject
Project("{9A19103F-16F7-4668-BE54-9A1E7A4F7556}") = "VowelsCount", "VowelsCount\VowelsCount.csproj", "{550B6E3F-E14C-4E9C-B88D-EA487CCF842E}"
EndProject
Project("{9A19103F-16F7-4668-BE54-9A1E7A4F7556}") = "CharInRange", "CharInRange\CharInRange.csproj", "{82A36E2D-344C-4708-BEBD-7B3E85EF8D8C}"
EndProject
Project("{9A19103F-16F7-4668-BE54-9A1E7A4F7556}") = "PasswordValidator", "PasswordValidator\PasswordValidator.csproj", "{1E900CC7-81C3-4871-A4E6-1554EFCBE2B6}"
EndProject
Project("{FAE04EC0-301F-11D3-BF4B-00C04F79EFBC}") = "AddAndSubtract", "AddAndSubtract\AddAndSubtract.csproj", "{82668E27-ED3E-4416-BF2A-BB6FF2EA9619}"
EndProject
Project("{FAE04EC0-301F-11D3-BF4B-00C04F79EFBC}") = "MiddCharacters", "MiddCharacters\MiddCharacters.csproj", "{85B5DD95-42D6-4762-9DA7-314103161766}"
EndProject
Project("{FAE04EC0-301F-11D3-BF4B-00C04F79EFBC}") = "NxNMAtrix", "NxNMAtrix\NxNMAtrix.csproj", "{F4E26C03-EA72-4FAB-9812-95AE6CB8EAD5}"
EndProject
Project("{FAE04EC0-301F-11D3-BF4B-00C04F79EFBC}") = "FactorialDivision", "FactorialDivision\FactorialDivision.csproj", "{E4EAE330-44DD-422B-81CD-D327A1BE7B37}"
EndProject
Project("{FAE04EC0-301F-11D3-BF4B-00C04F79EFBC}") = "PalidromeIntegers", "PalidromeIntegers\PalidromeIntegers.csproj", "{FAE86F01-1EED-4ABE-9827-A8ACDF8489A8}"
EndProject
Project("{FAE04EC0-301F-11D3-BF4B-00C04F79EFBC}") = "TopNumber8", "TopNumber8\TopNumber8.csproj", "{B64E89AB-DA85-4F1C-AD54-8EE06B14B435}"
EndProject
Global
	GlobalSection(SolutionConfigurationPlatforms) = preSolution
		Debug|Any CPU = Debug|Any CPU
		Release|Any CPU = Release|Any CPU
	EndGlobalSection
	GlobalSection(ProjectConfigurationPlatforms) = postSolution
		{C551637A-DD4A-46D7-90BF-BC9F7CC827CE}.Debug|Any CPU.ActiveCfg = Debug|Any CPU
		{C551637A-DD4A-46D7-90BF-BC9F7CC827CE}.Debug|Any CPU.Build.0 = Debug|Any CPU
		{C551637A-DD4A-46D7-90BF-BC9F7CC827CE}.Release|Any CPU.ActiveCfg = Release|Any CPU
		{C551637A-DD4A-46D7-90BF-BC9F7CC827CE}.Release|Any CPU.Build.0 = Release|Any CPU
		{550B6E3F-E14C-4E9C-B88D-EA487CCF842E}.Debug|Any CPU.ActiveCfg = Debug|Any CPU
		{550B6E3F-E14C-4E9C-B88D-EA487CCF842E}.Debug|Any CPU.Build.0 = Debug|Any CPU
		{550B6E3F-E14C-4E9C-B88D-EA487CCF842E}.Release|Any CPU.ActiveCfg = Release|Any CPU
		{550B6E3F-E14C-4E9C-B88D-EA487CCF842E}.Release|Any CPU.Build.0 = Release|Any CPU
		{82A36E2D-344C-4708-BEBD-7B3E85EF8D8C}.Debug|Any CPU.ActiveCfg = Debug|Any CPU
		{82A36E2D-344C-4708-BEBD-7B3E85EF8D8C}.Debug|Any CPU.Build.0 = Debug|Any CPU
		{82A36E2D-344C-4708-BEBD-7B3E85EF8D8C}.Release|Any CPU.ActiveCfg = Release|Any CPU
		{82A36E2D-344C-4708-BEBD-7B3E85EF8D8C}.Release|Any CPU.Build.0 = Release|Any CPU
		{1E900CC7-81C3-4871-A4E6-1554EFCBE2B6}.Debug|Any CPU.ActiveCfg = Debug|Any CPU
		{1E900CC7-81C3-4871-A4E6-1554EFCBE2B6}.Debug|Any CPU.Build.0 = Debug|Any CPU
		{1E900CC7-81C3-4871-A4E6-1554EFCBE2B6}.Release|Any CPU.ActiveCfg = Release|Any CPU
		{1E900CC7-81C3-4871-A4E6-1554EFCBE2B6}.Release|Any CPU.Build.0 = Release|Any CPU
		{82668E27-ED3E-4416-BF2A-BB6FF2EA9619}.Debug|Any CPU.ActiveCfg = Debug|Any CPU
		{82668E27-ED3E-4416-BF2A-BB6FF2EA9619}.Debug|Any CPU.Build.0 = Debug|Any CPU
		{82668E27-ED3E-4416-BF2A-BB6FF2EA9619}.Release|Any CPU.ActiveCfg = Release|Any CPU
		{82668E27-ED3E-4416-BF2A-BB6FF2EA9619}.Release|Any CPU.Build.0 = Release|Any CPU
		{85B5DD95-42D6-4762-9DA7-314103161766}.Debug|Any CPU.ActiveCfg = Debug|Any CPU
		{85B5DD95-42D6-4762-9DA7-314103161766}.Debug|Any CPU.Build.0 = Debug|Any CPU
		{85B5DD95-42D6-4762-9DA7-314103161766}.Release|Any CPU.ActiveCfg = Release|Any CPU
		{85B5DD95-42D6-4762-9DA7-314103161766}.Release|Any CPU.Build.0 = Release|Any CPU
		{F4E26C03-EA72-4FAB-9812-95AE6CB8EAD5}.Debug|Any CPU.ActiveCfg = Debug|Any CPU
		{F4E26C03-EA72-4FAB-9812-95AE6CB8EAD5}.Debug|Any CPU.Build.0 = Debug|Any CPU
		{F4E26C03-EA72-4FAB-9812-95AE6CB8EAD5}.Release|Any CPU.ActiveCfg = Release|Any CPU
		{F4E26C03-EA72-4FAB-9812-95AE6CB8EAD5}.Release|Any CPU.Build.0 = Release|Any CPU
		{E4EAE330-44DD-422B-81CD-D327A1BE7B37}.Debug|Any CPU.ActiveCfg = Debug|Any CPU
		{E4EAE330-44DD-422B-81CD-D327A1BE7B37}.Debug|Any CPU.Build.0 = Debug|Any CPU
		{E4EAE330-44DD-422B-81CD-D327A1BE7B37}.Release|Any CPU.ActiveCfg = Release|Any CPU
		{E4EAE330-44DD-422B-81CD-D327A1BE7B37}.Release|Any CPU.Build.0 = Release|Any CPU
		{FAE86F01-1EED-4ABE-9827-A8ACDF8489A8}.Debug|Any CPU.ActiveCfg = Debug|Any CPU
		{FAE86F01-1EED-4ABE-9827-A8ACDF8489A8}.Debug|Any CPU.Build.0 = Debug|Any CPU
		{FAE86F01-1EED-4ABE-9827-A8ACDF8489A8}.Release|Any CPU.ActiveCfg = Release|Any CPU
		{FAE86F01-1EED-4ABE-9827-A8ACDF8489A8}.Release|Any CPU.Build.0 = Release|Any CPU
		{B64E89AB-DA85-4F1C-AD54-8EE06B14B435}.Debug|Any CPU.ActiveCfg = Debug|Any CPU
		{B64E89AB-DA85-4F1C-AD54-8EE06B14B435}.Debug|Any CPU.Build.0 = Debug|Any CPU
		{B64E89AB-DA85-4F1C-AD54-8EE06B14B435}.Release|Any CPU.ActiveCfg = Release|Any CPU
		{B64E89AB-DA85-4F1C-AD54-8EE06B14B435}.Release|Any CPU.Build.0 = Release|Any CPU
	EndGlobalSection
	GlobalSection(SolutionProperties) = preSolution
		HideSolutionNode = FALSE
	EndGlobalSection
	GlobalSection(ExtensibilityGlobals) = postSolution
		SolutionGuid = {2E68BDA7-CB3D-4C04-87D7-67BCCB2F7269}
	EndGlobalSection
EndGlobal
