
Microsoft Visual Studio Solution File, Format Version 12.00
# Visual Studio Version 16
VisualStudioVersion = 16.0.30907.101
MinimumVisualStudioVersion = 10.0.40219.1
Project("{9A19103F-16F7-4668-BE54-9A1E7A4F7556}") = "EvenLines", "EvenLines.csproj", "{6FBA110D-2FDD-4724-9BED-398B118B1AAA}"
EndProject
Global
	GlobalSection(SolutionConfigurationPlatforms) = preSolution
		Debug|Any CPU = Debug|Any CPU
		Release|Any CPU = Release|Any CPU
	EndGlobalSection
	GlobalSection(ProjectConfigurationPlatforms) = postSolution
		{6FBA110D-2FDD-4724-9BED-398B118B1AAA}.Debug|Any CPU.ActiveCfg = Debug|Any CPU
		{6FBA110D-2FDD-4724-9BED-398B118B1AAA}.Debug|Any CPU.Build.0 = Debug|Any CPU
		{6FBA110D-2FDD-4724-9BED-398B118B1AAA}.Release|Any CPU.ActiveCfg = Release|Any CPU
		{6FBA110D-2FDD-4724-9BED-398B118B1AAA}.Release|Any CPU.Build.0 = Release|Any CPU
	EndGlobalSection
	GlobalSection(SolutionProperties) = preSolution
		HideSolutionNode = FALSE
	EndGlobalSection
	GlobalSection(ExtensibilityGlobals) = postSolution
		SolutionGuid = {B3790066-23B4-4C49-A4AA-A2B9E1E241F6}
	EndGlobalSection
EndGlobal
